
Microsoft Visual Studio Solution File, Format Version 12.00
# Visual Studio Version 17
VisualStudioVersion = 17.11.35312.102
MinimumVisualStudioVersion = 10.0.40219.1
Project("{FAE04EC0-301F-11D3-BF4B-00C04F79EFBC}") = "for testing", "for testing\for testing.csproj", "{860CB9E9-6360-4604-BB0A-F8792EF4EB1D}"
EndProject
Global
	GlobalSection(SolutionConfigurationPlatforms) = preSolution
		Debug|Any CPU = Debug|Any CPU
		Release|Any CPU = Release|Any CPU
	EndGlobalSection
	GlobalSection(ProjectConfigurationPlatforms) = postSolution
		{860CB9E9-6360-4604-BB0A-F8792EF4EB1D}.Debug|Any CPU.ActiveCfg = Debug|Any CPU
		{860CB9E9-6360-4604-BB0A-F8792EF4EB1D}.Debug|Any CPU.Build.0 = Debug|Any CPU
		{860CB9E9-6360-4604-BB0A-F8792EF4EB1D}.Release|Any CPU.ActiveCfg = Release|Any CPU
		{860CB9E9-6360-4604-BB0A-F8792EF4EB1D}.Release|Any CPU.Build.0 = Release|Any CPU
	EndGlobalSection
	GlobalSection(SolutionProperties) = preSolution
		HideSolutionNode = FALSE
	EndGlobalSection
	GlobalSection(ExtensibilityGlobals) = postSolution
		SolutionGuid = {C499FC9D-AE0E-409D-9A3B-EE3022C45360}
	EndGlobalSection
EndGlobal
